
Microsoft Visual Studio Solution File, Format Version 12.00
# Visual Studio Version 17
VisualStudioVersion = 17.5.33627.172
MinimumVisualStudioVersion = 10.0.40219.1
Project("{8BC9CEB8-8B4A-11D0-8D11-00A0C91BC942}") = "cppstudu_basic1", "cppstudu_basic1.vcxproj", "{9E7E69C7-B153-4951-9EE0-04F506947A87}"
EndProject
Global
	GlobalSection(SolutionConfigurationPlatforms) = preSolution
		Debug|x64 = Debug|x64
		Debug|x86 = Debug|x86
		Release|x64 = Release|x64
		Release|x86 = Release|x86
	EndGlobalSection
	GlobalSection(ProjectConfigurationPlatforms) = postSolution
		{9E7E69C7-B153-4951-9EE0-04F506947A87}.Debug|x64.ActiveCfg = Debug|x64
		{9E7E69C7-B153-4951-9EE0-04F506947A87}.Debug|x64.Build.0 = Debug|x64
		{9E7E69C7-B153-4951-9EE0-04F506947A87}.Debug|x86.ActiveCfg = Debug|Win32
		{9E7E69C7-B153-4951-9EE0-04F506947A87}.Debug|x86.Build.0 = Debug|Win32
		{9E7E69C7-B153-4951-9EE0-04F506947A87}.Release|x64.ActiveCfg = Release|x64
		{9E7E69C7-B153-4951-9EE0-04F506947A87}.Release|x64.Build.0 = Release|x64
		{9E7E69C7-B153-4951-9EE0-04F506947A87}.Release|x86.ActiveCfg = Release|Win32
		{9E7E69C7-B153-4951-9EE0-04F506947A87}.Release|x86.Build.0 = Release|Win32
	EndGlobalSection
	GlobalSection(SolutionProperties) = preSolution
		HideSolutionNode = FALSE
	EndGlobalSection
	GlobalSection(ExtensibilityGlobals) = postSolution
		SolutionGuid = {31D18BC4-DA1D-4576-9260-5B2EDDAB36EB}
	EndGlobalSection
EndGlobal
